# THIS IS AN AUTOGENERATED FILE. DO NOT EDIT THIS FILE DIRECTLY.
# yarn lockfile v1


"@remix-run/router@1.14.1":
  version "1.14.1"
  resolved "https://registry.yarnpkg.com/@remix-run/router/-/router-1.14.1.tgz#6d2dd03d52e604279c38911afc1079d58c50a755"
  integrity sha512-Qg4DMQsfPNAs88rb2xkdk03N3bjK4jgX5fR24eHCTR9q6PrhZQZ4UJBPzCHJkIpTRN1UKxx2DzjZmnC+7Lj0Ow==

react-router-dom@^6.21.1:
  version "6.21.1"
  resolved "https://registry.yarnpkg.com/react-router-dom/-/react-router-dom-6.21.1.tgz#58b459d2fe1841388c95bb068f85128c45e27349"
  integrity sha512-QCNrtjtDPwHDO+AO21MJd7yIcr41UetYt5jzaB9Y1UYaPTCnVuJq6S748g1dE11OQlCFIQg+RtAA1SEZIyiBeA==
  dependencies:
    "@remix-run/router" "1.14.1"
    react-router "6.21.1"

react-router@6.21.1:
  version "6.21.1"
  resolved "https://registry.yarnpkg.com/react-router/-/react-router-6.21.1.tgz#8db7ee8d7cfc36513c9a66b44e0897208c33be34"
  integrity sha512-W0l13YlMTm1YrpVIOpjCADJqEUpz1vm+CMo47RuFX4Ftegwm6KOYsL5G3eiE52jnJpKvzm6uB/vTKTPKM8dmkA==
  dependencies:
    "@remix-run/router" "1.14.1"
